// !$*UTF8*$!
{
	archiveVersion = 1;
	classes = {
	};
	objectVersion = 46;
	objects = {

/* Begin PBXBuildFile section */
		AF8B98BB1E0ED18B002DB83A /* HeaderView.swift in Sources */ = {isa = PBXBuildFile; fileRef = AF8B98BA1E0ED18B002DB83A /* HeaderView.swift */; };
		AF8B98BD1E0ED826002DB83A /* Taco.swift in Sources */ = {isa = PBXBuildFile; fileRef = AF8B98BC1E0ED826002DB83A /* Taco.swift */; };
		AF8B98C01E0EDD72002DB83A /* DataService.swift in Sources */ = {isa = PBXBuildFile; fileRef = AF8B98BF1E0EDD72002DB83A /* DataService.swift */; };
		AFB542971E0DA34C00A5A503 /* AppDelegate.swift in Sources */ = {isa = PBXBuildFile; fileRef = AFB542961E0DA34C00A5A503 /* AppDelegate.swift */; };
		AFB542991E0DA34C00A5A503 /* MainViewController.swift in Sources */ = {isa = PBXBuildFile; fileRef = AFB542981E0DA34C00A5A503 /* MainViewController.swift */; };
		AFB5429C1E0DA34C00A5A503 /* Main.storyboard in Resources */ = {isa = PBXBuildFile; fileRef = AFB5429A1E0DA34C00A5A503 /* Main.storyboard */; };
		AFB5429E1E0DA34C00A5A503 /* Assets.xcassets in Resources */ = {isa = PBXBuildFile; fileRef = AFB5429D1E0DA34C00A5A503 /* Assets.xcassets */; };
		AFB542A11E0DA34C00A5A503 /* LaunchScreen.storyboard in Resources */ = {isa = PBXBuildFile; fileRef = AFB5429F1E0DA34C00A5A503 /* LaunchScreen.storyboard */; };
		AFB542B31E0ED04700A5A503 /* PDropShadow.swift in Sources */ = {isa = PBXBuildFile; fileRef = AFB542B21E0ED04700A5A503 /* PDropShadow.swift */; };
		AFFD6D941E13623000C0E26E /* PDataServiceDelegate.swift in Sources */ = {isa = PBXBuildFile; fileRef = AFFD6D931E13623000C0E26E /* PDataServiceDelegate.swift */; };
		AFFD6D971E1367A700C0E26E /* TacoCell.swift in Sources */ = {isa = PBXBuildFile; fileRef = AFFD6D951E1367A700C0E26E /* TacoCell.swift */; };
		AFFD6D981E1367A700C0E26E /* TacoCell.xib in Resources */ = {isa = PBXBuildFile; fileRef = AFFD6D961E1367A700C0E26E /* TacoCell.xib */; };
		AFFD6D9A1E1372A000C0E26E /* PReusableView.swift in Sources */ = {isa = PBXBuildFile; fileRef = AFFD6D991E1372A000C0E26E /* PReusableView.swift */; };
		AFFD6D9C1E13731B00C0E26E /* PNibLoadableView.swift in Sources */ = {isa = PBXBuildFile; fileRef = AFFD6D9B1E13731B00C0E26E /* PNibLoadableView.swift */; };
		AFFD6D9E1E13739400C0E26E /* UICollectionView+Ext.swift in Sources */ = {isa = PBXBuildFile; fileRef = AFFD6D9D1E13739400C0E26E /* UICollectionView+Ext.swift */; };
/* End PBXBuildFile section */

/* Begin PBXFileReference section */
		AF8B98BA1E0ED18B002DB83A /* HeaderView.swift */ = {isa = PBXFileReference; fileEncoding = 4; lastKnownFileType = sourcecode.swift; path = HeaderView.swift; sourceTree = "<group>"; };
		AF8B98BC1E0ED826002DB83A /* Taco.swift */ = {isa = PBXFileReference; fileEncoding = 4; lastKnownFileType = sourcecode.swift; path = Taco.swift; sourceTree = "<group>"; };
		AF8B98BF1E0EDD72002DB83A /* DataService.swift */ = {isa = PBXFileReference; fileEncoding = 4; lastKnownFileType = sourcecode.swift; path = DataService.swift; sourceTree = "<group>"; };
		AFB542931E0DA34C00A5A503 /* TacoPOP.app */ = {isa = PBXFileReference; explicitFileType = wrapper.application; includeInIndex = 0; path = TacoPOP.app; sourceTree = BUILT_PRODUCTS_DIR; };
		AFB542961E0DA34C00A5A503 /* AppDelegate.swift */ = {isa = PBXFileReference; lastKnownFileType = sourcecode.swift; path = AppDelegate.swift; sourceTree = "<group>"; };
		AFB542981E0DA34C00A5A503 /* MainViewController.swift */ = {isa = PBXFileReference; lastKnownFileType = sourcecode.swift; path = MainViewController.swift; sourceTree = "<group>"; };
		AFB5429B1E0DA34C00A5A503 /* Base */ = {isa = PBXFileReference; lastKnownFileType = file.storyboard; name = Base; path = Base.lproj/Main.storyboard; sourceTree = "<group>"; };
		AFB5429D1E0DA34C00A5A503 /* Assets.xcassets */ = {isa = PBXFileReference; lastKnownFileType = folder.assetcatalog; path = Assets.xcassets; sourceTree = "<group>"; };
		AFB542A01E0DA34C00A5A503 /* Base */ = {isa = PBXFileReference; lastKnownFileType = file.storyboard; name = Base; path = Base.lproj/LaunchScreen.storyboard; sourceTree = "<group>"; };
		AFB542A21E0DA34C00A5A503 /* Info.plist */ = {isa = PBXFileReference; lastKnownFileType = text.plist.xml; path = Info.plist; sourceTree = "<group>"; };
		AFB542B21E0ED04700A5A503 /* PDropShadow.swift */ = {isa = PBXFileReference; fileEncoding = 4; lastKnownFileType = sourcecode.swift; path = PDropShadow.swift; sourceTree = "<group>"; };
		AFFD6D931E13623000C0E26E /* PDataServiceDelegate.swift */ = {isa = PBXFileReference; fileEncoding = 4; lastKnownFileType = sourcecode.swift; path = PDataServiceDelegate.swift; sourceTree = "<group>"; };
		AFFD6D951E1367A700C0E26E /* TacoCell.swift */ = {isa = PBXFileReference; fileEncoding = 4; lastKnownFileType = sourcecode.swift; path = TacoCell.swift; sourceTree = "<group>"; };
		AFFD6D961E1367A700C0E26E /* TacoCell.xib */ = {isa = PBXFileReference; fileEncoding = 4; lastKnownFileType = file.xib; path = TacoCell.xib; sourceTree = "<group>"; };
		AFFD6D991E1372A000C0E26E /* PReusableView.swift */ = {isa = PBXFileReference; fileEncoding = 4; lastKnownFileType = sourcecode.swift; path = PReusableView.swift; sourceTree = "<group>"; };
		AFFD6D9B1E13731B00C0E26E /* PNibLoadableView.swift */ = {isa = PBXFileReference; fileEncoding = 4; lastKnownFileType = sourcecode.swift; path = PNibLoadableView.swift; sourceTree = "<group>"; };
		AFFD6D9D1E13739400C0E26E /* UICollectionView+Ext.swift */ = {isa = PBXFileReference; fileEncoding = 4; lastKnownFileType = sourcecode.swift; path = "UICollectionView+Ext.swift"; sourceTree = "<group>"; };
/* End PBXFileReference section */

/* Begin PBXFrameworksBuildPhase section */
		AFB542901E0DA34B00A5A503 /* Frameworks */ = {
			isa = PBXFrameworksBuildPhase;
			buildActionMask = 2147483647;
			files = (
			);
			runOnlyForDeploymentPostprocessing = 0;
		};
/* End PBXFrameworksBuildPhase section */

/* Begin PBXGroup section */
		AF8B98BE1E0EDD63002DB83A /* Services */ = {
			isa = PBXGroup;
			children = (
				AF8B98BF1E0EDD72002DB83A /* DataService.swift */,
			);
			name = Services;
			sourceTree = "<group>";
		};
		AFB5428A1E0DA34B00A5A503 = {
			isa = PBXGroup;
			children = (
				AFB542951E0DA34C00A5A503 /* TacoPOP */,
				AFB542941E0DA34C00A5A503 /* Products */,
			);
			sourceTree = "<group>";
		};
		AFB542941E0DA34C00A5A503 /* Products */ = {
			isa = PBXGroup;
			children = (
				AFB542931E0DA34C00A5A503 /* TacoPOP.app */,
			);
			name = Products;
			sourceTree = "<group>";
		};
		AFB542951E0DA34C00A5A503 /* TacoPOP */ = {
			isa = PBXGroup;
			children = (
				AF8B98BE1E0EDD63002DB83A /* Services */,
				AFB542AE1E0DA3AA00A5A503 /* Storyboards */,
				AFB542AD1E0DA38E00A5A503 /* Extensions */,
				AFB542AC1E0DA38200A5A503 /* Protocols */,
				AFB542AB1E0DA37E00A5A503 /* Resources */,
				AFB542AA1E0DA37800A5A503 /* Models */,
				AFB542A91E0DA37000A5A503 /* Views */,
				AFB542A81E0DA36C00A5A503 /* Controllers */,
			);
			path = TacoPOP;
			sourceTree = "<group>";
		};
		AFB542A81E0DA36C00A5A503 /* Controllers */ = {
			isa = PBXGroup;
			children = (
				AFB542981E0DA34C00A5A503 /* MainViewController.swift */,
				AFB542961E0DA34C00A5A503 /* AppDelegate.swift */,
			);
			name = Controllers;
			sourceTree = "<group>";
		};
		AFB542A91E0DA37000A5A503 /* Views */ = {
			isa = PBXGroup;
			children = (
				AF8B98BA1E0ED18B002DB83A /* HeaderView.swift */,
				AFFD6D951E1367A700C0E26E /* TacoCell.swift */,
				AFFD6D961E1367A700C0E26E /* TacoCell.xib */,
			);
			name = Views;
			sourceTree = "<group>";
		};
		AFB542AA1E0DA37800A5A503 /* Models */ = {
			isa = PBXGroup;
			children = (
				AF8B98BC1E0ED826002DB83A /* Taco.swift */,
			);
			name = Models;
			sourceTree = "<group>";
		};
		AFB542AB1E0DA37E00A5A503 /* Resources */ = {
			isa = PBXGroup;
			children = (
				AFB5429D1E0DA34C00A5A503 /* Assets.xcassets */,
				AFB542A21E0DA34C00A5A503 /* Info.plist */,
			);
			name = Resources;
			sourceTree = "<group>";
		};
		AFB542AC1E0DA38200A5A503 /* Protocols */ = {
			isa = PBXGroup;
			children = (
				AFB542B21E0ED04700A5A503 /* PDropShadow.swift */,
				AFFD6D931E13623000C0E26E /* PDataServiceDelegate.swift */,
				AFFD6D991E1372A000C0E26E /* PReusableView.swift */,
				AFFD6D9B1E13731B00C0E26E /* PNibLoadableView.swift */,
			);
			name = Protocols;
			sourceTree = "<group>";
		};
		AFB542AD1E0DA38E00A5A503 /* Extensions */ = {
			isa = PBXGroup;
			children = (
				AFFD6D9D1E13739400C0E26E /* UICollectionView+Ext.swift */,
			);
			name = Extensions;
			sourceTree = "<group>";
		};
		AFB542AE1E0DA3AA00A5A503 /* Storyboards */ = {
			isa = PBXGroup;
			children = (
				AFB5429A1E0DA34C00A5A503 /* Main.storyboard */,
				AFB5429F1E0DA34C00A5A503 /* LaunchScreen.storyboard */,
			);
			name = Storyboards;
			sourceTree = "<group>";
		};
/* End PBXGroup section */

/* Begin PBXNativeTarget section */
		AFB542921E0DA34B00A5A503 /* TacoPOP */ = {
			isa = PBXNativeTarget;
			buildConfigurationList = AFB542A51E0DA34C00A5A503 /* Build configuration list for PBXNativeTarget "TacoPOP" */;
			buildPhases = (
				AFB5428F1E0DA34B00A5A503 /* Sources */,
				AFB542901E0DA34B00A5A503 /* Frameworks */,
				AFB542911E0DA34B00A5A503 /* Resources */,
			);
			buildRules = (
			);
			dependencies = (
			);
			name = TacoPOP;
			productName = TacoPOP;
			productReference = AFB542931E0DA34C00A5A503 /* TacoPOP.app */;
			productType = "com.apple.product-type.application";
		};
/* End PBXNativeTarget section */

/* Begin PBXProject section */
		AFB5428B1E0DA34B00A5A503 /* Project object */ = {
			isa = PBXProject;
			attributes = {
				LastSwiftUpdateCheck = 0820;
				LastUpgradeCheck = 0820;
				ORGANIZATIONNAME = "Student Driver";
				TargetAttributes = {
					AFB542921E0DA34B00A5A503 = {
						CreatedOnToolsVersion = 8.2;
						DevelopmentTeam = ND43N89R4B;
						ProvisioningStyle = Automatic;
					};
				};
			};
			buildConfigurationList = AFB5428E1E0DA34B00A5A503 /* Build configuration list for PBXProject "TacoPOP" */;
			compatibilityVersion = "Xcode 3.2";
			developmentRegion = English;
			hasScannedForEncodings = 0;
			knownRegions = (
				en,
				Base,
			);
			mainGroup = AFB5428A1E0DA34B00A5A503;
			productRefGroup = AFB542941E0DA34C00A5A503 /* Products */;
			projectDirPath = "";
			projectRoot = "";
			targets = (
				AFB542921E0DA34B00A5A503 /* TacoPOP */,
			);
		};
/* End PBXProject section */

/* Begin PBXResourcesBuildPhase section */
		AFB542911E0DA34B00A5A503 /* Resources */ = {
			isa = PBXResourcesBuildPhase;
			buildActionMask = 2147483647;
			files = (
				AFFD6D981E1367A700C0E26E /* TacoCell.xib in Resources */,
				AFB542A11E0DA34C00A5A503 /* LaunchScreen.storyboard in Resources */,
				AFB5429E1E0DA34C00A5A503 /* Assets.xcassets in Resources */,
				AFB5429C1E0DA34C00A5A503 /* Main.storyboard in Resources */,
			);
			runOnlyForDeploymentPostprocessing = 0;
		};
/* End PBXResourcesBuildPhase section */

/* Begin PBXSourcesBuildPhase section */
		AFB5428F1E0DA34B00A5A503 /* Sources */ = {
			isa = PBXSourcesBuildPhase;
			buildActionMask = 2147483647;
			files = (
				AFFD6D9A1E1372A000C0E26E /* PReusableView.swift in Sources */,
				AFFD6D971E1367A700C0E26E /* TacoCell.swift in Sources */,
				AFB542991E0DA34C00A5A503 /* MainViewController.swift in Sources */,
				AFB542B31E0ED04700A5A503 /* PDropShadow.swift in Sources */,
				AFB542971E0DA34C00A5A503 /* AppDelegate.swift in Sources */,
				AFFD6D9E1E13739400C0E26E /* UICollectionView+Ext.swift in Sources */,
				AF8B98C01E0EDD72002DB83A /* DataService.swift in Sources */,
				AFFD6D941E13623000C0E26E /* PDataServiceDelegate.swift in Sources */,
				AFFD6D9C1E13731B00C0E26E /* PNibLoadableView.swift in Sources */,
				AF8B98BD1E0ED826002DB83A /* Taco.swift in Sources */,
				AF8B98BB1E0ED18B002DB83A /* HeaderView.swift in Sources */,
			);
			runOnlyForDeploymentPostprocessing = 0;
		};
/* End PBXSourcesBuildPhase section */

/* Begin PBXVariantGroup section */
		AFB5429A1E0DA34C00A5A503 /* Main.storyboard */ = {
			isa = PBXVariantGroup;
			children = (
				AFB5429B1E0DA34C00A5A503 /* Base */,
			);
			name = Main.storyboard;
			sourceTree = "<group>";
		};
		AFB5429F1E0DA34C00A5A503 /* LaunchScreen.storyboard */ = {
			isa = PBXVariantGroup;
			children = (
				AFB542A01E0DA34C00A5A503 /* Base */,
			);
			name = LaunchScreen.storyboard;
			sourceTree = "<group>";
		};
/* End PBXVariantGroup section */

/* Begin XCBuildConfiguration section */
		AFB542A31E0DA34C00A5A503 /* Debug */ = {
			isa = XCBuildConfiguration;
			buildSettings = {
				ALWAYS_SEARCH_USER_PATHS = NO;
				CLANG_ANALYZER_NONNULL = YES;
				CLANG_CXX_LANGUAGE_STANDARD = "gnu++0x";
				CLANG_CXX_LIBRARY = "libc++";
				CLANG_ENABLE_MODULES = YES;
				CLANG_ENABLE_OBJC_ARC = YES;
				CLANG_WARN_BOOL_CONVERSION = YES;
				CLANG_WARN_CONSTANT_CONVERSION = YES;
				CLANG_WARN_DIRECT_OBJC_ISA_USAGE = YES_ERROR;
				CLANG_WARN_DOCUMENTATION_COMMENTS = YES;
				CLANG_WARN_EMPTY_BODY = YES;
				CLANG_WARN_ENUM_CONVERSION = YES;
				CLANG_WARN_INFINITE_RECURSION = YES;
				CLANG_WARN_INT_CONVERSION = YES;
				CLANG_WARN_OBJC_ROOT_CLASS = YES_ERROR;
				CLANG_WARN_SUSPICIOUS_MOVE = YES;
				CLANG_WARN_UNREACHABLE_CODE = YES;
				CLANG_WARN__DUPLICATE_METHOD_MATCH = YES;
				"CODE_SIGN_IDENTITY[sdk=iphoneos*]" = "iPhone Developer";
				COPY_PHASE_STRIP = NO;
				DEBUG_INFORMATION_FORMAT = dwarf;
				ENABLE_STRICT_OBJC_MSGSEND = YES;
				ENABLE_TESTABILITY = YES;
				GCC_C_LANGUAGE_STANDARD = gnu99;
				GCC_DYNAMIC_NO_PIC = NO;
				GCC_NO_COMMON_BLOCKS = YES;
				GCC_OPTIMIZATION_LEVEL = 0;
				GCC_PREPROCESSOR_DEFINITIONS = (
					"DEBUG=1",
					"$(inherited)",
				);
				GCC_WARN_64_TO_32_BIT_CONVERSION = YES;
				GCC_WARN_ABOUT_RETURN_TYPE = YES_ERROR;
				GCC_WARN_UNDECLARED_SELECTOR = YES;
				GCC_WARN_UNINITIALIZED_AUTOS = YES_AGGRESSIVE;
				GCC_WARN_UNUSED_FUNCTION = YES;
				GCC_WARN_UNUSED_VARIABLE = YES;
				IPHONEOS_DEPLOYMENT_TARGET = 10.2;
				MTL_ENABLE_DEBUG_INFO = YES;
				ONLY_ACTIVE_ARCH = YES;
				SDKROOT = iphoneos;
				SWIFT_ACTIVE_COMPILATION_CONDITIONS = DEBUG;
				SWIFT_OPTIMIZATION_LEVEL = "-Onone";
			};
			name = Debug;
		};
		AFB542A41E0DA34C00A5A503 /* Release */ = {
			isa = XCBuildConfiguration;
			buildSettings = {
				ALWAYS_SEARCH_USER_PATHS = NO;
				CLANG_ANALYZER_NONNULL = YES;
				CLANG_CXX_LANGUAGE_STANDARD = "gnu++0x";
				CLANG_CXX_LIBRARY = "libc++";
				CLANG_ENABLE_MODULES = YES;
				CLANG_ENABLE_OBJC_ARC = YES;
				CLANG_WARN_BOOL_CONVERSION = YES;
				CLANG_WARN_CONSTANT_CONVERSION = YES;
				CLANG_WARN_DIRECT_OBJC_ISA_USAGE = YES_ERROR;
				CLANG_WARN_DOCUMENTATION_COMMENTS = YES;
				CLANG_WARN_EMPTY_BODY = YES;
				CLANG_WARN_ENUM_CONVERSION = YES;
				CLANG_WARN_INFINITE_RECURSION = YES;
				CLANG_WARN_INT_CONVERSION = YES;
				CLANG_WARN_OBJC_ROOT_CLASS = YES_ERROR;
				CLANG_WARN_SUSPICIOUS_MOVE = YES;
				CLANG_WARN_UNREACHABLE_CODE = YES;
				CLANG_WARN__DUPLICATE_METHOD_MATCH = YES;
				"CODE_SIGN_IDENTITY[sdk=iphoneos*]" = "iPhone Developer";
				COPY_PHASE_STRIP = NO;
				DEBUG_INFORMATION_FORMAT = "dwarf-with-dsym";
				ENABLE_NS_ASSERTIONS = NO;
				ENABLE_STRICT_OBJC_MSGSEND = YES;
				GCC_C_LANGUAGE_STANDARD = gnu99;
				GCC_NO_COMMON_BLOCKS = YES;
				GCC_WARN_64_TO_32_BIT_CONVERSION = YES;
				GCC_WARN_ABOUT_RETURN_TYPE = YES_ERROR;
				GCC_WARN_UNDECLARED_SELECTOR = YES;
				GCC_WARN_UNINITIALIZED_AUTOS = YES_AGGRESSIVE;
				GCC_WARN_UNUSED_FUNCTION = YES;
				GCC_WARN_UNUSED_VARIABLE = YES;
				IPHONEOS_DEPLOYMENT_TARGET = 10.2;
				MTL_ENABLE_DEBUG_INFO = NO;
				SDKROOT = iphoneos;
				SWIFT_OPTIMIZATION_LEVEL = "-Owholemodule";
				VALIDATE_PRODUCT = YES;
			};
			name = Release;
		};
		AFB542A61E0DA34C00A5A503 /* Debug */ = {
			isa = XCBuildConfiguration;
			buildSettings = {
				ASSETCATALOG_COMPILER_APPICON_NAME = AppIcon;
				DEVELOPMENT_TEAM = ND43N89R4B;
				INFOPLIST_FILE = TacoPOP/Info.plist;
				LD_RUNPATH_SEARCH_PATHS = "$(inherited) @executable_path/Frameworks";
				PRODUCT_BUNDLE_IDENTIFIER = io.studentdriver.TacoPOP;
				PRODUCT_NAME = "$(TARGET_NAME)";
				SWIFT_VERSION = 3.0;
			};
			name = Debug;
		};
		AFB542A71E0DA34C00A5A503 /* Release */ = {
			isa = XCBuildConfiguration;
			buildSettings = {
				ASSETCATALOG_COMPILER_APPICON_NAME = AppIcon;
				DEVELOPMENT_TEAM = ND43N89R4B;
				INFOPLIST_FILE = TacoPOP/Info.plist;
				LD_RUNPATH_SEARCH_PATHS = "$(inherited) @executable_path/Frameworks";
				PRODUCT_BUNDLE_IDENTIFIER = io.studentdriver.TacoPOP;
				PRODUCT_NAME = "$(TARGET_NAME)";
				SWIFT_VERSION = 3.0;
			};
			name = Release;
		};
/* End XCBuildConfiguration section */

/* Begin XCConfigurationList section */
		AFB5428E1E0DA34B00A5A503 /* Build configuration list for PBXProject "TacoPOP" */ = {
			isa = XCConfigurationList;
			buildConfigurations = (
				AFB542A31E0DA34C00A5A503 /* Debug */,
				AFB542A41E0DA34C00A5A503 /* Release */,
			);
			defaultConfigurationIsVisible = 0;
			defaultConfigurationName = Release;
		};
		AFB542A51E0DA34C00A5A503 /* Build configuration list for PBXNativeTarget "TacoPOP" */ = {
			isa = XCConfigurationList;
			buildConfigurations = (
				AFB542A61E0DA34C00A5A503 /* Debug */,
				AFB542A71E0DA34C00A5A503 /* Release */,
			);
			defaultConfigurationIsVisible = 0;
			defaultConfigurationName = Release;
		};
/* End XCConfigurationList section */
	};
	rootObject = AFB5428B1E0DA34B00A5A503 /* Project object */;
}
